
Microsoft Visual Studio Solution File, Format Version 12.00
# Visual Studio Version 16
VisualStudioVersion = 16.0.29123.88
MinimumVisualStudioVersion = 10.0.40219.1
Project("{FAE04EC0-301F-11D3-BF4B-00C04F79EFBC}") = "cw1", "cw1\cw1.csproj", "{6BF4C47B-760F-450A-B3D2-8DA88247330E}"
EndProject
Global
	GlobalSection(SolutionConfigurationPlatforms) = preSolution
		Debug|Any CPU = Debug|Any CPU
		Release|Any CPU = Release|Any CPU
	EndGlobalSection
	GlobalSection(ProjectConfigurationPlatforms) = postSolution
		{6BF4C47B-760F-450A-B3D2-8DA88247330E}.Debug|Any CPU.ActiveCfg = Debug|Any CPU
		{6BF4C47B-760F-450A-B3D2-8DA88247330E}.Debug|Any CPU.Build.0 = Debug|Any CPU
		{6BF4C47B-760F-450A-B3D2-8DA88247330E}.Release|Any CPU.ActiveCfg = Release|Any CPU
		{6BF4C47B-760F-450A-B3D2-8DA88247330E}.Release|Any CPU.Build.0 = Release|Any CPU
	EndGlobalSection
	GlobalSection(SolutionProperties) = preSolution
		HideSolutionNode = FALSE
	EndGlobalSection
	GlobalSection(ExtensibilityGlobals) = postSolution
		SolutionGuid = {C1EA0345-D4CB-4051-833F-6E3202CD8149}
	EndGlobalSection
EndGlobal
